
Microsoft Visual Studio Solution File, Format Version 12.00
# Visual Studio Version 17
VisualStudioVersion = 17.9.34728.123
MinimumVisualStudioVersion = 10.0.40219.1
Project("{9A19103F-16F7-4668-BE54-9A1E7A4F7556}") = "CustomerService", "CustomerService\CustomerService.csproj", "{06FD645B-EEE4-4B4A-8BC8-05EC2F1148F3}"
EndProject
Project("{9A19103F-16F7-4668-BE54-9A1E7A4F7556}") = "BookingService", "BookingService\BookingService.csproj", "{C7C70E97-5157-49EC-8C05-46432D72B3BE}"
EndProject
Project("{FAE04EC0-301F-11D3-BF4B-00C04F79EFBC}") = "ApiGateway", "ApiGateway\ApiGateway.csproj", "{09B00447-27F8-4C2E-8789-FA2B994272F3}"
EndProject
Global
	GlobalSection(SolutionConfigurationPlatforms) = preSolution
		Debug|Any CPU = Debug|Any CPU
		Release|Any CPU = Release|Any CPU
	EndGlobalSection
	GlobalSection(ProjectConfigurationPlatforms) = postSolution
		{06FD645B-EEE4-4B4A-8BC8-05EC2F1148F3}.Debug|Any CPU.ActiveCfg = Debug|Any CPU
		{06FD645B-EEE4-4B4A-8BC8-05EC2F1148F3}.Debug|Any CPU.Build.0 = Debug|Any CPU
		{06FD645B-EEE4-4B4A-8BC8-05EC2F1148F3}.Release|Any CPU.ActiveCfg = Release|Any CPU
		{06FD645B-EEE4-4B4A-8BC8-05EC2F1148F3}.Release|Any CPU.Build.0 = Release|Any CPU
		{C7C70E97-5157-49EC-8C05-46432D72B3BE}.Debug|Any CPU.ActiveCfg = Debug|Any CPU
		{C7C70E97-5157-49EC-8C05-46432D72B3BE}.Debug|Any CPU.Build.0 = Debug|Any CPU
		{C7C70E97-5157-49EC-8C05-46432D72B3BE}.Release|Any CPU.ActiveCfg = Release|Any CPU
		{C7C70E97-5157-49EC-8C05-46432D72B3BE}.Release|Any CPU.Build.0 = Release|Any CPU
		{09B00447-27F8-4C2E-8789-FA2B994272F3}.Debug|Any CPU.ActiveCfg = Debug|Any CPU
		{09B00447-27F8-4C2E-8789-FA2B994272F3}.Debug|Any CPU.Build.0 = Debug|Any CPU
		{09B00447-27F8-4C2E-8789-FA2B994272F3}.Release|Any CPU.ActiveCfg = Release|Any CPU
		{09B00447-27F8-4C2E-8789-FA2B994272F3}.Release|Any CPU.Build.0 = Release|Any CPU
	EndGlobalSection
	GlobalSection(SolutionProperties) = preSolution
		HideSolutionNode = FALSE
	EndGlobalSection
	GlobalSection(ExtensibilityGlobals) = postSolution
		SolutionGuid = {15A58050-28E2-4AEE-8C1D-C17104CB1839}
	EndGlobalSection
EndGlobal
